
Microsoft Visual Studio Solution File, Format Version 12.00
Project("{FAE04EC0-301F-11D3-BF4B-00C04F79EFBC}") = "AvaloniaApplication1", "AvaloniaApplication1\AvaloniaApplication1\AvaloniaApplication1.csproj", "{F909C30B-190C-4331-9944-35E42535D5E7}"
EndProject
Project("{FAE04EC0-301F-11D3-BF4B-00C04F79EFBC}") = "AvaloniaApplication1.Android", "AvaloniaApplication1\AvaloniaApplication1.Android\AvaloniaApplication1.Android.csproj", "{B691EBC2-2345-4686-9155-EA001B879644}"
EndProject
Project("{FAE04EC0-301F-11D3-BF4B-00C04F79EFBC}") = "AvaloniaApplication1.Desktop", "AvaloniaApplication1\AvaloniaApplication1.Desktop\AvaloniaApplication1.Desktop.csproj", "{BBC80CA2-7C69-4751-AAFC-64F9B28E350F}"
EndProject
Project("{FAE04EC0-301F-11D3-BF4B-00C04F79EFBC}") = "AvaloniaApplication1.iOS", "AvaloniaApplication1\AvaloniaApplication1.iOS\AvaloniaApplication1.iOS.csproj", "{9F00AEDF-D4F4-45D3-840B-0130624CD433}"
EndProject
Project("{FAE04EC0-301F-11D3-BF4B-00C04F79EFBC}") = "AvaloniaApplication1.Browser", "AvaloniaApplication1\AvaloniaApplication1.Browser\AvaloniaApplication1.Browser.csproj", "{BDC036B0-4CB3-42B6-B884-66659C092EB8}"
EndProject
Global
	GlobalSection(SolutionConfigurationPlatforms) = preSolution
		Debug|Any CPU = Debug|Any CPU
		Release|Any CPU = Release|Any CPU
	EndGlobalSection
	GlobalSection(ProjectConfigurationPlatforms) = postSolution
		{F909C30B-190C-4331-9944-35E42535D5E7}.Debug|Any CPU.ActiveCfg = Debug|Any CPU
		{F909C30B-190C-4331-9944-35E42535D5E7}.Debug|Any CPU.Build.0 = Debug|Any CPU
		{F909C30B-190C-4331-9944-35E42535D5E7}.Release|Any CPU.ActiveCfg = Release|Any CPU
		{F909C30B-190C-4331-9944-35E42535D5E7}.Release|Any CPU.Build.0 = Release|Any CPU
		{B691EBC2-2345-4686-9155-EA001B879644}.Debug|Any CPU.ActiveCfg = Debug|Any CPU
		{B691EBC2-2345-4686-9155-EA001B879644}.Debug|Any CPU.Build.0 = Debug|Any CPU
		{B691EBC2-2345-4686-9155-EA001B879644}.Debug|Any CPU.Deploy.0 = Debug|Any CPU
		{B691EBC2-2345-4686-9155-EA001B879644}.Release|Any CPU.ActiveCfg = Release|Any CPU
		{B691EBC2-2345-4686-9155-EA001B879644}.Release|Any CPU.Build.0 = Release|Any CPU
		{B691EBC2-2345-4686-9155-EA001B879644}.Release|Any CPU.Deploy.0 = Release|Any CPU
		{BBC80CA2-7C69-4751-AAFC-64F9B28E350F}.Debug|Any CPU.ActiveCfg = Debug|Any CPU
		{BBC80CA2-7C69-4751-AAFC-64F9B28E350F}.Debug|Any CPU.Build.0 = Debug|Any CPU
		{BBC80CA2-7C69-4751-AAFC-64F9B28E350F}.Release|Any CPU.ActiveCfg = Release|Any CPU
		{BBC80CA2-7C69-4751-AAFC-64F9B28E350F}.Release|Any CPU.Build.0 = Release|Any CPU
		{9F00AEDF-D4F4-45D3-840B-0130624CD433}.Debug|Any CPU.ActiveCfg = Debug|Any CPU
		{9F00AEDF-D4F4-45D3-840B-0130624CD433}.Debug|Any CPU.Build.0 = Debug|Any CPU
		{9F00AEDF-D4F4-45D3-840B-0130624CD433}.Debug|Any CPU.Deploy.0 = Debug|Any CPU
		{9F00AEDF-D4F4-45D3-840B-0130624CD433}.Release|Any CPU.ActiveCfg = Release|Any CPU
		{9F00AEDF-D4F4-45D3-840B-0130624CD433}.Release|Any CPU.Build.0 = Release|Any CPU
		{9F00AEDF-D4F4-45D3-840B-0130624CD433}.Release|Any CPU.Deploy.0 = Release|Any CPU
		{BDC036B0-4CB3-42B6-B884-66659C092EB8}.Debug|Any CPU.ActiveCfg = Debug|Any CPU
		{BDC036B0-4CB3-42B6-B884-66659C092EB8}.Debug|Any CPU.Build.0 = Debug|Any CPU
		{BDC036B0-4CB3-42B6-B884-66659C092EB8}.Release|Any CPU.ActiveCfg = Release|Any CPU
		{BDC036B0-4CB3-42B6-B884-66659C092EB8}.Release|Any CPU.Build.0 = Release|Any CPU
	EndGlobalSection
EndGlobal
